
Microsoft Visual Studio Solution File, Format Version 12.00
# Visual Studio Version 16
VisualStudioVersion = 16.0.30621.155
MinimumVisualStudioVersion = 10.0.40219.1
Project("{9A19103F-16F7-4668-BE54-9A1E7A4F7556}") = "LINQ.ConsoleApp", "LINQ.Console\LINQ.ConsoleApp.csproj", "{F231668B-D387-4CAE-AF1E-871A4A9F6C72}"
EndProject
Project("{FAE04EC0-301F-11D3-BF4B-00C04F79EFBC}") = "LINQ.ClassLib", "ClassLib\LINQ.ClassLib.csproj", "{D06ACC2C-609F-4EEA-93D2-DF0C45EBB175}"
EndProject
Global
	GlobalSection(SolutionConfigurationPlatforms) = preSolution
		Debug|Any CPU = Debug|Any CPU
		Release|Any CPU = Release|Any CPU
	EndGlobalSection
	GlobalSection(ProjectConfigurationPlatforms) = postSolution
		{F231668B-D387-4CAE-AF1E-871A4A9F6C72}.Debug|Any CPU.ActiveCfg = Debug|Any CPU
		{F231668B-D387-4CAE-AF1E-871A4A9F6C72}.Debug|Any CPU.Build.0 = Debug|Any CPU
		{F231668B-D387-4CAE-AF1E-871A4A9F6C72}.Release|Any CPU.ActiveCfg = Release|Any CPU
		{F231668B-D387-4CAE-AF1E-871A4A9F6C72}.Release|Any CPU.Build.0 = Release|Any CPU
		{D06ACC2C-609F-4EEA-93D2-DF0C45EBB175}.Debug|Any CPU.ActiveCfg = Debug|Any CPU
		{D06ACC2C-609F-4EEA-93D2-DF0C45EBB175}.Debug|Any CPU.Build.0 = Debug|Any CPU
		{D06ACC2C-609F-4EEA-93D2-DF0C45EBB175}.Release|Any CPU.ActiveCfg = Release|Any CPU
		{D06ACC2C-609F-4EEA-93D2-DF0C45EBB175}.Release|Any CPU.Build.0 = Release|Any CPU
	EndGlobalSection
	GlobalSection(SolutionProperties) = preSolution
		HideSolutionNode = FALSE
	EndGlobalSection
	GlobalSection(ExtensibilityGlobals) = postSolution
		SolutionGuid = {20CAD83E-FDA7-4B78-B329-EBD38C46F837}
	EndGlobalSection
EndGlobal
